
Microsoft Visual Studio Solution File, Format Version 12.00
# Visual Studio Version 17
VisualStudioVersion = 17.0.31903.59
MinimumVisualStudioVersion = 10.0.40219.1
Project("{FAE04EC0-301F-11D3-BF4B-00C04F79EFBC}") = "SpaceBattle.Spec.Tests", "SpaceBattle.Spec.Tests\SpaceBattle.Spec.Tests.csproj", "{271D479F-1330-45AC-9587-B347DEDBB6E3}"
EndProject
Project("{FAE04EC0-301F-11D3-BF4B-00C04F79EFBC}") = "SpaceBattle", "SpaceBattle\SpaceBattle.csproj", "{17D433B0-673B-43CC-A301-19FE898ED263}"
EndProject
Global
	GlobalSection(SolutionConfigurationPlatforms) = preSolution
		Debug|Any CPU = Debug|Any CPU
		Release|Any CPU = Release|Any CPU
	EndGlobalSection
	GlobalSection(SolutionProperties) = preSolution
		HideSolutionNode = FALSE
	EndGlobalSection
	GlobalSection(ProjectConfigurationPlatforms) = postSolution
		{271D479F-1330-45AC-9587-B347DEDBB6E3}.Debug|Any CPU.ActiveCfg = Debug|Any CPU
		{271D479F-1330-45AC-9587-B347DEDBB6E3}.Debug|Any CPU.Build.0 = Debug|Any CPU
		{271D479F-1330-45AC-9587-B347DEDBB6E3}.Release|Any CPU.ActiveCfg = Release|Any CPU
		{271D479F-1330-45AC-9587-B347DEDBB6E3}.Release|Any CPU.Build.0 = Release|Any CPU
		{17D433B0-673B-43CC-A301-19FE898ED263}.Debug|Any CPU.ActiveCfg = Debug|Any CPU
		{17D433B0-673B-43CC-A301-19FE898ED263}.Debug|Any CPU.Build.0 = Debug|Any CPU
		{17D433B0-673B-43CC-A301-19FE898ED263}.Release|Any CPU.ActiveCfg = Release|Any CPU
		{17D433B0-673B-43CC-A301-19FE898ED263}.Release|Any CPU.Build.0 = Release|Any CPU
	EndGlobalSection
EndGlobal
